
Microsoft Visual Studio Solution File, Format Version 12.00
# Visual Studio Version 17
VisualStudioVersion = 17.13.35931.197
MinimumVisualStudioVersion = 10.0.40219.1
Project("{FAE04EC0-301F-11D3-BF4B-00C04F79EFBC}") = "BaseLibrary", "BaseLibrary\BaseLibrary.csproj", "{EE3B74C8-236B-4CF4-8D49-C3A97ABAAECA}"
EndProject
Project("{FAE04EC0-301F-11D3-BF4B-00C04F79EFBC}") = "Authorization.API", "Authorization.API\Authorization.API.csproj", "{1265E77D-571D-490A-941F-B369A96BA2DC}"
EndProject
Project("{FAE04EC0-301F-11D3-BF4B-00C04F79EFBC}") = "AuthorizationLibrary", "AuthorizationLibrary\AuthorizationLibrary.csproj", "{D570BFEC-3029-4A5E-B447-8C75AD3EF60D}"
EndProject
Global
	GlobalSection(SolutionConfigurationPlatforms) = preSolution
		Debug|Any CPU = Debug|Any CPU
		Release|Any CPU = Release|Any CPU
	EndGlobalSection
	GlobalSection(ProjectConfigurationPlatforms) = postSolution
		{EE3B74C8-236B-4CF4-8D49-C3A97ABAAECA}.Debug|Any CPU.ActiveCfg = Debug|Any CPU
		{EE3B74C8-236B-4CF4-8D49-C3A97ABAAECA}.Debug|Any CPU.Build.0 = Debug|Any CPU
		{EE3B74C8-236B-4CF4-8D49-C3A97ABAAECA}.Release|Any CPU.ActiveCfg = Release|Any CPU
		{EE3B74C8-236B-4CF4-8D49-C3A97ABAAECA}.Release|Any CPU.Build.0 = Release|Any CPU
		{1265E77D-571D-490A-941F-B369A96BA2DC}.Debug|Any CPU.ActiveCfg = Debug|Any CPU
		{1265E77D-571D-490A-941F-B369A96BA2DC}.Debug|Any CPU.Build.0 = Debug|Any CPU
		{1265E77D-571D-490A-941F-B369A96BA2DC}.Release|Any CPU.ActiveCfg = Release|Any CPU
		{1265E77D-571D-490A-941F-B369A96BA2DC}.Release|Any CPU.Build.0 = Release|Any CPU
		{D570BFEC-3029-4A5E-B447-8C75AD3EF60D}.Debug|Any CPU.ActiveCfg = Debug|Any CPU
		{D570BFEC-3029-4A5E-B447-8C75AD3EF60D}.Debug|Any CPU.Build.0 = Debug|Any CPU
		{D570BFEC-3029-4A5E-B447-8C75AD3EF60D}.Release|Any CPU.ActiveCfg = Release|Any CPU
		{D570BFEC-3029-4A5E-B447-8C75AD3EF60D}.Release|Any CPU.Build.0 = Release|Any CPU
	EndGlobalSection
	GlobalSection(SolutionProperties) = preSolution
		HideSolutionNode = FALSE
	EndGlobalSection
	GlobalSection(ExtensibilityGlobals) = postSolution
		SolutionGuid = {D92F874C-DDCE-44AD-91CF-5AFF3D94AFDC}
	EndGlobalSection
EndGlobal
